// !$*UTF8*$!
{
	archiveVersion = 1;
	classes = {
	};
	objectVersion = 77;
	objects = {

/* Begin PBXBuildFile section */
		BA3316C72DDA480600C6509A /* Flow in Frameworks */ = {isa = PBXBuildFile; productRef = BA3316C62DDA480600C6509A /* Flow */; };
		BA35B1A12DD8910600A230E7 /* OpenAPIURLSession in Frameworks */ = {isa = PBXBuildFile; productRef = BA35B1A02DD8910600A230E7 /* OpenAPIURLSession */; };
		BA35B1A52DD8927F00A230E7 /* OpenAPIRuntime in Frameworks */ = {isa = PBXBuildFile; productRef = BA35B1A42DD8927F00A230E7 /* OpenAPIRuntime */; };
		BA5EC7172DD9FD1600148BAE /* Shimmer in Frameworks */ = {isa = PBXBuildFile; productRef = BA5EC7162DD9FD1600148BAE /* Shimmer */; };
		BAC321C52DD8D73900F425E8 /* AsyncAlgorithms in Frameworks */ = {isa = PBXBuildFile; productRef = BAC321C42DD8D73900F425E8 /* AsyncAlgorithms */; };
/* End PBXBuildFile section */

/* Begin PBXContainerItemProxy section */
		BADA2A442DCF711400CD7C64 /* PBXContainerItemProxy */ = {
			isa = PBXContainerItemProxy;
			containerPortal = BADA2A2B2DCF711200CD7C64 /* Project object */;
			proxyType = 1;
			remoteGlobalIDString = BADA2A322DCF711200CD7C64;
			remoteInfo = Pokedex;
		};
		BADA2A4E2DCF711400CD7C64 /* PBXContainerItemProxy */ = {
			isa = PBXContainerItemProxy;
			containerPortal = BADA2A2B2DCF711200CD7C64 /* Project object */;
			proxyType = 1;
			remoteGlobalIDString = BADA2A322DCF711200CD7C64;
			remoteInfo = Pokedex;
		};
/* End PBXContainerItemProxy section */

/* Begin PBXFileReference section */
		BA51AE752DD0EEBA0091809C /* .gitignore */ = {isa = PBXFileReference; lastKnownFileType = text; path = .gitignore; sourceTree = "<group>"; };
		BADA2A332DCF711200CD7C64 /* Pokedex.app */ = {isa = PBXFileReference; explicitFileType = wrapper.application; includeInIndex = 0; path = Pokedex.app; sourceTree = BUILT_PRODUCTS_DIR; };
		BADA2A432DCF711400CD7C64 /* PokedexTests.xctest */ = {isa = PBXFileReference; explicitFileType = wrapper.cfbundle; includeInIndex = 0; path = PokedexTests.xctest; sourceTree = BUILT_PRODUCTS_DIR; };
		BADA2A4D2DCF711400CD7C64 /* PokedexUITests.xctest */ = {isa = PBXFileReference; explicitFileType = wrapper.cfbundle; includeInIndex = 0; path = PokedexUITests.xctest; sourceTree = BUILT_PRODUCTS_DIR; };
/* End PBXFileReference section */

/* Begin PBXFileSystemSynchronizedBuildFileExceptionSet section */
		BA2B47352DCF9D90005B198E /* Exceptions for "Pokedex" folder in "Pokedex" target */ = {
			isa = PBXFileSystemSynchronizedBuildFileExceptionSet;
			membershipExceptions = (
				"openapi-generator-config.yaml",
				openapi.yaml,
			);
			target = BADA2A322DCF711200CD7C64 /* Pokedex */;
		};
/* End PBXFileSystemSynchronizedBuildFileExceptionSet section */

/* Begin PBXFileSystemSynchronizedGroupBuildPhaseMembershipExceptionSet section */
		BA35B1A92DD8929900A230E7 /* Exceptions for "Pokedex" folder in "Compile Sources" phase from "Pokedex" target */ = {
			isa = PBXFileSystemSynchronizedGroupBuildPhaseMembershipExceptionSet;
			buildPhase = BADA2A2F2DCF711200CD7C64 /* Sources */;
			membershipExceptions = (
				"openapi-generator-config.yaml",
				openapi.yaml,
			);
		};
/* End PBXFileSystemSynchronizedGroupBuildPhaseMembershipExceptionSet section */

/* Begin PBXFileSystemSynchronizedRootGroup section */
		BADA2A352DCF711200CD7C64 /* Pokedex */ = {
			isa = PBXFileSystemSynchronizedRootGroup;
			exceptions = (
				BA2B47352DCF9D90005B198E /* Exceptions for "Pokedex" folder in "Pokedex" target */,
				BA35B1A92DD8929900A230E7 /* Exceptions for "Pokedex" folder in "Compile Sources" phase from "Pokedex" target */,
			);
			path = Pokedex;
			sourceTree = "<group>";
		};
		BADA2A462DCF711400CD7C64 /* PokedexTests */ = {
			isa = PBXFileSystemSynchronizedRootGroup;
			path = PokedexTests;
			sourceTree = "<group>";
		};
		BADA2A502DCF711400CD7C64 /* PokedexUITests */ = {
			isa = PBXFileSystemSynchronizedRootGroup;
			path = PokedexUITests;
			sourceTree = "<group>";
		};
/* End PBXFileSystemSynchronizedRootGroup section */

/* Begin PBXFrameworksBuildPhase section */
		BADA2A302DCF711200CD7C64 /* Frameworks */ = {
			isa = PBXFrameworksBuildPhase;
			buildActionMask = 2147483647;
			files = (
				BA5EC7172DD9FD1600148BAE /* Shimmer in Frameworks */,
				BA3316C72DDA480600C6509A /* Flow in Frameworks */,
				BA35B1A52DD8927F00A230E7 /* OpenAPIRuntime in Frameworks */,
				BA35B1A12DD8910600A230E7 /* OpenAPIURLSession in Frameworks */,
				BAC321C52DD8D73900F425E8 /* AsyncAlgorithms in Frameworks */,
			);
			runOnlyForDeploymentPostprocessing = 0;
		};
		BADA2A402DCF711400CD7C64 /* Frameworks */ = {
			isa = PBXFrameworksBuildPhase;
			buildActionMask = 2147483647;
			files = (
			);
			runOnlyForDeploymentPostprocessing = 0;
		};
		BADA2A4A2DCF711400CD7C64 /* Frameworks */ = {
			isa = PBXFrameworksBuildPhase;
			buildActionMask = 2147483647;
			files = (
			);
			runOnlyForDeploymentPostprocessing = 0;
		};
/* End PBXFrameworksBuildPhase section */

/* Begin PBXGroup section */
		BADA2A2A2DCF711200CD7C64 = {
			isa = PBXGroup;
			children = (
				BA51AE752DD0EEBA0091809C /* .gitignore */,
				BADA2A352DCF711200CD7C64 /* Pokedex */,
				BADA2A462DCF711400CD7C64 /* PokedexTests */,
				BADA2A502DCF711400CD7C64 /* PokedexUITests */,
				BADA2A342DCF711200CD7C64 /* Products */,
			);
			sourceTree = "<group>";
		};
		BADA2A342DCF711200CD7C64 /* Products */ = {
			isa = PBXGroup;
			children = (
				BADA2A332DCF711200CD7C64 /* Pokedex.app */,
				BADA2A432DCF711400CD7C64 /* PokedexTests.xctest */,
				BADA2A4D2DCF711400CD7C64 /* PokedexUITests.xctest */,
			);
			name = Products;
			sourceTree = "<group>";
		};
/* End PBXGroup section */

/* Begin PBXNativeTarget section */
		BADA2A322DCF711200CD7C64 /* Pokedex */ = {
			isa = PBXNativeTarget;
			buildConfigurationList = BADA2A572DCF711400CD7C64 /* Build configuration list for PBXNativeTarget "Pokedex" */;
			buildPhases = (
				BADA2A2F2DCF711200CD7C64 /* Sources */,
				BADA2A302DCF711200CD7C64 /* Frameworks */,
				BADA2A312DCF711200CD7C64 /* Resources */,
			);
			buildRules = (
			);
			dependencies = (
				BA35B1A72DD8928C00A230E7 /* PBXTargetDependency */,
			);
			fileSystemSynchronizedGroups = (
				BADA2A352DCF711200CD7C64 /* Pokedex */,
			);
			name = Pokedex;
			packageProductDependencies = (
				BA35B1A02DD8910600A230E7 /* OpenAPIURLSession */,
				BA35B1A42DD8927F00A230E7 /* OpenAPIRuntime */,
				BAC321C42DD8D73900F425E8 /* AsyncAlgorithms */,
				BA5EC7162DD9FD1600148BAE /* Shimmer */,
				BA3316C62DDA480600C6509A /* Flow */,
			);
			productName = Pokedex;
			productReference = BADA2A332DCF711200CD7C64 /* Pokedex.app */;
			productType = "com.apple.product-type.application";
		};
		BADA2A422DCF711400CD7C64 /* PokedexTests */ = {
			isa = PBXNativeTarget;
			buildConfigurationList = BADA2A5A2DCF711400CD7C64 /* Build configuration list for PBXNativeTarget "PokedexTests" */;
			buildPhases = (
				BADA2A3F2DCF711400CD7C64 /* Sources */,
				BADA2A402DCF711400CD7C64 /* Frameworks */,
				BADA2A412DCF711400CD7C64 /* Resources */,
			);
			buildRules = (
			);
			dependencies = (
				BADA2A452DCF711400CD7C64 /* PBXTargetDependency */,
			);
			fileSystemSynchronizedGroups = (
				BADA2A462DCF711400CD7C64 /* PokedexTests */,
			);
			name = PokedexTests;
			packageProductDependencies = (
			);
			productName = PokedexTests;
			productReference = BADA2A432DCF711400CD7C64 /* PokedexTests.xctest */;
			productType = "com.apple.product-type.bundle.unit-test";
		};
		BADA2A4C2DCF711400CD7C64 /* PokedexUITests */ = {
			isa = PBXNativeTarget;
			buildConfigurationList = BADA2A5D2DCF711400CD7C64 /* Build configuration list for PBXNativeTarget "PokedexUITests" */;
			buildPhases = (
				BADA2A492DCF711400CD7C64 /* Sources */,
				BADA2A4A2DCF711400CD7C64 /* Frameworks */,
				BADA2A4B2DCF711400CD7C64 /* Resources */,
			);
			buildRules = (
			);
			dependencies = (
				BADA2A4F2DCF711400CD7C64 /* PBXTargetDependency */,
			);
			fileSystemSynchronizedGroups = (
				BADA2A502DCF711400CD7C64 /* PokedexUITests */,
			);
			name = PokedexUITests;
			packageProductDependencies = (
			);
			productName = PokedexUITests;
			productReference = BADA2A4D2DCF711400CD7C64 /* PokedexUITests.xctest */;
			productType = "com.apple.product-type.bundle.ui-testing";
		};
/* End PBXNativeTarget section */

/* Begin PBXProject section */
		BADA2A2B2DCF711200CD7C64 /* Project object */ = {
			isa = PBXProject;
			attributes = {
				BuildIndependentTargetsInParallel = 1;
				LastSwiftUpdateCheck = 1630;
				LastUpgradeCheck = 1640;
				TargetAttributes = {
					BADA2A322DCF711200CD7C64 = {
						CreatedOnToolsVersion = 16.3;
					};
					BADA2A422DCF711400CD7C64 = {
						CreatedOnToolsVersion = 16.3;
						TestTargetID = BADA2A322DCF711200CD7C64;
					};
					BADA2A4C2DCF711400CD7C64 = {
						CreatedOnToolsVersion = 16.3;
						TestTargetID = BADA2A322DCF711200CD7C64;
					};
				};
			};
			buildConfigurationList = BADA2A2E2DCF711200CD7C64 /* Build configuration list for PBXProject "Pokedex" */;
			developmentRegion = en;
			hasScannedForEncodings = 0;
			knownRegions = (
				en,
				Base,
			);
			mainGroup = BADA2A2A2DCF711200CD7C64;
			minimizedProjectReferenceProxies = 1;
			packageReferences = (
				BA35B19F2DD8910600A230E7 /* XCRemoteSwiftPackageReference "swift-openapi-urlsession" */,
				BA35B1A22DD8926400A230E7 /* XCRemoteSwiftPackageReference "swift-openapi-generator" */,
				BA35B1A32DD8927F00A230E7 /* XCRemoteSwiftPackageReference "swift-openapi-runtime" */,
				BAC321C32DD8D73900F425E8 /* XCRemoteSwiftPackageReference "swift-async-algorithms" */,
				BA5EC7152DD9FD1600148BAE /* XCRemoteSwiftPackageReference "SwiftUI-Shimmer" */,
				BA3316C52DDA480600C6509A /* XCRemoteSwiftPackageReference "SwiftUI-Flow" */,
			);
			preferredProjectObjectVersion = 77;
			productRefGroup = BADA2A342DCF711200CD7C64 /* Products */;
			projectDirPath = "";
			projectRoot = "";
			targets = (
				BADA2A322DCF711200CD7C64 /* Pokedex */,
				BADA2A422DCF711400CD7C64 /* PokedexTests */,
				BADA2A4C2DCF711400CD7C64 /* PokedexUITests */,
			);
		};
/* End PBXProject section */

/* Begin PBXResourcesBuildPhase section */
		BADA2A312DCF711200CD7C64 /* Resources */ = {
			isa = PBXResourcesBuildPhase;
			buildActionMask = 2147483647;
			files = (
			);
			runOnlyForDeploymentPostprocessing = 0;
		};
		BADA2A412DCF711400CD7C64 /* Resources */ = {
			isa = PBXResourcesBuildPhase;
			buildActionMask = 2147483647;
			files = (
			);
			runOnlyForDeploymentPostprocessing = 0;
		};
		BADA2A4B2DCF711400CD7C64 /* Resources */ = {
			isa = PBXResourcesBuildPhase;
			buildActionMask = 2147483647;
			files = (
			);
			runOnlyForDeploymentPostprocessing = 0;
		};
/* End PBXResourcesBuildPhase section */

/* Begin PBXSourcesBuildPhase section */
		BADA2A2F2DCF711200CD7C64 /* Sources */ = {
			isa = PBXSourcesBuildPhase;
			buildActionMask = 2147483647;
			files = (
			);
			runOnlyForDeploymentPostprocessing = 0;
		};
		BADA2A3F2DCF711400CD7C64 /* Sources */ = {
			isa = PBXSourcesBuildPhase;
			buildActionMask = 2147483647;
			files = (
			);
			runOnlyForDeploymentPostprocessing = 0;
		};
		BADA2A492DCF711400CD7C64 /* Sources */ = {
			isa = PBXSourcesBuildPhase;
			buildActionMask = 2147483647;
			files = (
			);
			runOnlyForDeploymentPostprocessing = 0;
		};
/* End PBXSourcesBuildPhase section */

/* Begin PBXTargetDependency section */
		BA35B1A72DD8928C00A230E7 /* PBXTargetDependency */ = {
			isa = PBXTargetDependency;
			productRef = BA35B1A62DD8928C00A230E7 /* OpenAPIGenerator */;
		};
		BADA2A452DCF711400CD7C64 /* PBXTargetDependency */ = {
			isa = PBXTargetDependency;
			target = BADA2A322DCF711200CD7C64 /* Pokedex */;
			targetProxy = BADA2A442DCF711400CD7C64 /* PBXContainerItemProxy */;
		};
		BADA2A4F2DCF711400CD7C64 /* PBXTargetDependency */ = {
			isa = PBXTargetDependency;
			target = BADA2A322DCF711200CD7C64 /* Pokedex */;
			targetProxy = BADA2A4E2DCF711400CD7C64 /* PBXContainerItemProxy */;
		};
/* End PBXTargetDependency section */

/* Begin XCBuildConfiguration section */
		BADA2A552DCF711400CD7C64 /* Debug */ = {
			isa = XCBuildConfiguration;
			buildSettings = {
				ALWAYS_SEARCH_USER_PATHS = NO;
				ASSETCATALOG_COMPILER_GENERATE_SWIFT_ASSET_SYMBOL_EXTENSIONS = YES;
				CLANG_ANALYZER_NONNULL = YES;
				CLANG_ANALYZER_NUMBER_OBJECT_CONVERSION = YES_AGGRESSIVE;
				CLANG_CXX_LANGUAGE_STANDARD = "gnu++20";
				CLANG_ENABLE_MODULES = YES;
				CLANG_ENABLE_OBJC_ARC = YES;
				CLANG_ENABLE_OBJC_WEAK = YES;
				CLANG_WARN_BLOCK_CAPTURE_AUTORELEASING = YES;
				CLANG_WARN_BOOL_CONVERSION = YES;
				CLANG_WARN_COMMA = YES;
				CLANG_WARN_CONSTANT_CONVERSION = YES;
				CLANG_WARN_DEPRECATED_OBJC_IMPLEMENTATIONS = YES;
				CLANG_WARN_DIRECT_OBJC_ISA_USAGE = YES_ERROR;
				CLANG_WARN_DOCUMENTATION_COMMENTS = YES;
				CLANG_WARN_EMPTY_BODY = YES;
				CLANG_WARN_ENUM_CONVERSION = YES;
				CLANG_WARN_INFINITE_RECURSION = YES;
				CLANG_WARN_INT_CONVERSION = YES;
				CLANG_WARN_NON_LITERAL_NULL_CONVERSION = YES;
				CLANG_WARN_OBJC_IMPLICIT_RETAIN_SELF = YES;
				CLANG_WARN_OBJC_LITERAL_CONVERSION = YES;
				CLANG_WARN_OBJC_ROOT_CLASS = YES_ERROR;
				CLANG_WARN_QUOTED_INCLUDE_IN_FRAMEWORK_HEADER = YES;
				CLANG_WARN_RANGE_LOOP_ANALYSIS = YES;
				CLANG_WARN_STRICT_PROTOTYPES = YES;
				CLANG_WARN_SUSPICIOUS_MOVE = YES;
				CLANG_WARN_UNGUARDED_AVAILABILITY = YES_AGGRESSIVE;
				CLANG_WARN_UNREACHABLE_CODE = YES;
				CLANG_WARN__DUPLICATE_METHOD_MATCH = YES;
				COPY_PHASE_STRIP = NO;
				DEAD_CODE_STRIPPING = YES;
				DEBUG_INFORMATION_FORMAT = dwarf;
				ENABLE_STRICT_OBJC_MSGSEND = YES;
				ENABLE_TESTABILITY = YES;
				ENABLE_USER_SCRIPT_SANDBOXING = YES;
				GCC_C_LANGUAGE_STANDARD = gnu17;
				GCC_DYNAMIC_NO_PIC = NO;
				GCC_NO_COMMON_BLOCKS = YES;
				GCC_OPTIMIZATION_LEVEL = 0;
				GCC_PREPROCESSOR_DEFINITIONS = (
					"DEBUG=1",
					"$(inherited)",
				);
				GCC_WARN_64_TO_32_BIT_CONVERSION = YES;
				GCC_WARN_ABOUT_RETURN_TYPE = YES_ERROR;
				GCC_WARN_UNDECLARED_SELECTOR = YES;
				GCC_WARN_UNINITIALIZED_AUTOS = YES_AGGRESSIVE;
				GCC_WARN_UNUSED_FUNCTION = YES;
				GCC_WARN_UNUSED_VARIABLE = YES;
				LOCALIZATION_PREFERS_STRING_CATALOGS = YES;
				MTL_ENABLE_DEBUG_INFO = INCLUDE_SOURCE;
				MTL_FAST_MATH = YES;
				ONLY_ACTIVE_ARCH = YES;
				SWIFT_ACTIVE_COMPILATION_CONDITIONS = "DEBUG $(inherited)";
				SWIFT_OPTIMIZATION_LEVEL = "-Onone";
				_EXPERIMENTAL_SWIFT_EXPLICIT_MODULES = YES;
			};
			name = Debug;
		};
		BADA2A562DCF711400CD7C64 /* Release */ = {
			isa = XCBuildConfiguration;
			buildSettings = {
				ALWAYS_SEARCH_USER_PATHS = NO;
				ASSETCATALOG_COMPILER_GENERATE_SWIFT_ASSET_SYMBOL_EXTENSIONS = YES;
				CLANG_ANALYZER_NONNULL = YES;
				CLANG_ANALYZER_NUMBER_OBJECT_CONVERSION = YES_AGGRESSIVE;
				CLANG_CXX_LANGUAGE_STANDARD = "gnu++20";
				CLANG_ENABLE_MODULES = YES;
				CLANG_ENABLE_OBJC_ARC = YES;
				CLANG_ENABLE_OBJC_WEAK = YES;
				CLANG_WARN_BLOCK_CAPTURE_AUTORELEASING = YES;
				CLANG_WARN_BOOL_CONVERSION = YES;
				CLANG_WARN_COMMA = YES;
				CLANG_WARN_CONSTANT_CONVERSION = YES;
				CLANG_WARN_DEPRECATED_OBJC_IMPLEMENTATIONS = YES;
				CLANG_WARN_DIRECT_OBJC_ISA_USAGE = YES_ERROR;
				CLANG_WARN_DOCUMENTATION_COMMENTS = YES;
				CLANG_WARN_EMPTY_BODY = YES;
				CLANG_WARN_ENUM_CONVERSION = YES;
				CLANG_WARN_INFINITE_RECURSION = YES;
				CLANG_WARN_INT_CONVERSION = YES;
				CLANG_WARN_NON_LITERAL_NULL_CONVERSION = YES;
				CLANG_WARN_OBJC_IMPLICIT_RETAIN_SELF = YES;
				CLANG_WARN_OBJC_LITERAL_CONVERSION = YES;
				CLANG_WARN_OBJC_ROOT_CLASS = YES_ERROR;
				CLANG_WARN_QUOTED_INCLUDE_IN_FRAMEWORK_HEADER = YES;
				CLANG_WARN_RANGE_LOOP_ANALYSIS = YES;
				CLANG_WARN_STRICT_PROTOTYPES = YES;
				CLANG_WARN_SUSPICIOUS_MOVE = YES;
				CLANG_WARN_UNGUARDED_AVAILABILITY = YES_AGGRESSIVE;
				CLANG_WARN_UNREACHABLE_CODE = YES;
				CLANG_WARN__DUPLICATE_METHOD_MATCH = YES;
				COPY_PHASE_STRIP = NO;
				DEAD_CODE_STRIPPING = YES;
				DEBUG_INFORMATION_FORMAT = "dwarf-with-dsym";
				ENABLE_NS_ASSERTIONS = NO;
				ENABLE_STRICT_OBJC_MSGSEND = YES;
				ENABLE_USER_SCRIPT_SANDBOXING = YES;
				GCC_C_LANGUAGE_STANDARD = gnu17;
				GCC_NO_COMMON_BLOCKS = YES;
				GCC_WARN_64_TO_32_BIT_CONVERSION = YES;
				GCC_WARN_ABOUT_RETURN_TYPE = YES_ERROR;
				GCC_WARN_UNDECLARED_SELECTOR = YES;
				GCC_WARN_UNINITIALIZED_AUTOS = YES_AGGRESSIVE;
				GCC_WARN_UNUSED_FUNCTION = YES;
				GCC_WARN_UNUSED_VARIABLE = YES;
				LOCALIZATION_PREFERS_STRING_CATALOGS = YES;
				MTL_ENABLE_DEBUG_INFO = NO;
				MTL_FAST_MATH = YES;
				SWIFT_COMPILATION_MODE = wholemodule;
				_EXPERIMENTAL_SWIFT_EXPLICIT_MODULES = YES;
			};
			name = Release;
		};
		BADA2A582DCF711400CD7C64 /* Debug */ = {
			isa = XCBuildConfiguration;
			buildSettings = {
				ASSETCATALOG_COMPILER_APPICON_NAME = AppIcon;
				ASSETCATALOG_COMPILER_GLOBAL_ACCENT_COLOR_NAME = AccentColor;
				CODE_SIGN_ENTITLEMENTS = Pokedex/Pokedex.entitlements;
				"CODE_SIGN_IDENTITY[sdk=macosx*]" = "-";
				CODE_SIGN_STYLE = Automatic;
				CURRENT_PROJECT_VERSION = 1;
				DEAD_CODE_STRIPPING = YES;
				ENABLE_PREVIEWS = YES;
				GENERATE_INFOPLIST_FILE = YES;
				"INFOPLIST_KEY_UIApplicationSceneManifest_Generation[sdk=iphoneos*]" = YES;
				"INFOPLIST_KEY_UIApplicationSceneManifest_Generation[sdk=iphonesimulator*]" = YES;
				"INFOPLIST_KEY_UIApplicationSupportsIndirectInputEvents[sdk=iphoneos*]" = YES;
				"INFOPLIST_KEY_UIApplicationSupportsIndirectInputEvents[sdk=iphonesimulator*]" = YES;
				"INFOPLIST_KEY_UILaunchScreen_Generation[sdk=iphoneos*]" = YES;
				"INFOPLIST_KEY_UILaunchScreen_Generation[sdk=iphonesimulator*]" = YES;
				"INFOPLIST_KEY_UIStatusBarStyle[sdk=iphoneos*]" = UIStatusBarStyleDefault;
				"INFOPLIST_KEY_UIStatusBarStyle[sdk=iphonesimulator*]" = UIStatusBarStyleDefault;
				INFOPLIST_KEY_UISupportedInterfaceOrientations_iPad = "UIInterfaceOrientationPortrait UIInterfaceOrientationPortraitUpsideDown UIInterfaceOrientationLandscapeLeft UIInterfaceOrientationLandscapeRight";
				INFOPLIST_KEY_UISupportedInterfaceOrientations_iPhone = "UIInterfaceOrientationPortrait UIInterfaceOrientationLandscapeLeft UIInterfaceOrientationLandscapeRight";
				IPHONEOS_DEPLOYMENT_TARGET = 18.0;
				LD_RUNPATH_SEARCH_PATHS = "@executable_path/Frameworks";
				"LD_RUNPATH_SEARCH_PATHS[sdk=macosx*]" = "@executable_path/../Frameworks";
				MACOSX_DEPLOYMENT_TARGET = 15.0;
				MARKETING_VERSION = 1.0;
				PRODUCT_BUNDLE_IDENTIFIER = com.jonathan.Pokedex;
				PRODUCT_NAME = "$(TARGET_NAME)";
				REGISTER_APP_GROUPS = YES;
				SDKROOT = auto;
				SUPPORTED_PLATFORMS = "iphoneos iphonesimulator macosx";
				SUPPORTS_MACCATALYST = NO;
				SWIFT_EMIT_LOC_STRINGS = YES;
				SWIFT_VERSION = 5.0;
				TARGETED_DEVICE_FAMILY = "1,2";
				XROS_DEPLOYMENT_TARGET = 2.4;
				_EXPERIMENTAL_SWIFT_EXPLICIT_MODULES = YES;
			};
			name = Debug;
		};
		BADA2A592DCF711400CD7C64 /* Release */ = {
			isa = XCBuildConfiguration;
			buildSettings = {
				ASSETCATALOG_COMPILER_APPICON_NAME = AppIcon;
				ASSETCATALOG_COMPILER_GLOBAL_ACCENT_COLOR_NAME = AccentColor;
				CODE_SIGN_ENTITLEMENTS = Pokedex/Pokedex.entitlements;
				"CODE_SIGN_IDENTITY[sdk=macosx*]" = "-";
				CODE_SIGN_STYLE = Automatic;
				CURRENT_PROJECT_VERSION = 1;
				DEAD_CODE_STRIPPING = YES;
				ENABLE_PREVIEWS = YES;
				GENERATE_INFOPLIST_FILE = YES;
				"INFOPLIST_KEY_UIApplicationSceneManifest_Generation[sdk=iphoneos*]" = YES;
				"INFOPLIST_KEY_UIApplicationSceneManifest_Generation[sdk=iphonesimulator*]" = YES;
				"INFOPLIST_KEY_UIApplicationSupportsIndirectInputEvents[sdk=iphoneos*]" = YES;
				"INFOPLIST_KEY_UIApplicationSupportsIndirectInputEvents[sdk=iphonesimulator*]" = YES;
				"INFOPLIST_KEY_UILaunchScreen_Generation[sdk=iphoneos*]" = YES;
				"INFOPLIST_KEY_UILaunchScreen_Generation[sdk=iphonesimulator*]" = YES;
				"INFOPLIST_KEY_UIStatusBarStyle[sdk=iphoneos*]" = UIStatusBarStyleDefault;
				"INFOPLIST_KEY_UIStatusBarStyle[sdk=iphonesimulator*]" = UIStatusBarStyleDefault;
				INFOPLIST_KEY_UISupportedInterfaceOrientations_iPad = "UIInterfaceOrientationPortrait UIInterfaceOrientationPortraitUpsideDown UIInterfaceOrientationLandscapeLeft UIInterfaceOrientationLandscapeRight";
				INFOPLIST_KEY_UISupportedInterfaceOrientations_iPhone = "UIInterfaceOrientationPortrait UIInterfaceOrientationLandscapeLeft UIInterfaceOrientationLandscapeRight";
				IPHONEOS_DEPLOYMENT_TARGET = 18.0;
				LD_RUNPATH_SEARCH_PATHS = "@executable_path/Frameworks";
				"LD_RUNPATH_SEARCH_PATHS[sdk=macosx*]" = "@executable_path/../Frameworks";
				MACOSX_DEPLOYMENT_TARGET = 15.0;
				MARKETING_VERSION = 1.0;
				PRODUCT_BUNDLE_IDENTIFIER = com.jonathan.Pokedex;
				PRODUCT_NAME = "$(TARGET_NAME)";
				REGISTER_APP_GROUPS = YES;
				SDKROOT = auto;
				SUPPORTED_PLATFORMS = "iphoneos iphonesimulator macosx";
				SUPPORTS_MACCATALYST = NO;
				SWIFT_EMIT_LOC_STRINGS = YES;
				SWIFT_VERSION = 5.0;
				TARGETED_DEVICE_FAMILY = "1,2";
				XROS_DEPLOYMENT_TARGET = 2.4;
				_EXPERIMENTAL_SWIFT_EXPLICIT_MODULES = YES;
			};
			name = Release;
		};
		BADA2A5B2DCF711400CD7C64 /* Debug */ = {
			isa = XCBuildConfiguration;
			buildSettings = {
				BUNDLE_LOADER = "$(TEST_HOST)";
				CODE_SIGN_STYLE = Automatic;
				CURRENT_PROJECT_VERSION = 1;
				DEAD_CODE_STRIPPING = YES;
				GENERATE_INFOPLIST_FILE = YES;
				IPHONEOS_DEPLOYMENT_TARGET = 18.4;
				MACOSX_DEPLOYMENT_TARGET = 15.4;
				MARKETING_VERSION = 1.0;
				PRODUCT_BUNDLE_IDENTIFIER = com.jonathan.PokedexTests;
				PRODUCT_NAME = "$(TARGET_NAME)";
				SDKROOT = auto;
				SUPPORTED_PLATFORMS = "iphoneos iphonesimulator macosx xros xrsimulator";
				SWIFT_EMIT_LOC_STRINGS = NO;
				SWIFT_VERSION = 5.0;
				TARGETED_DEVICE_FAMILY = "1,2,7";
				TEST_HOST = "$(BUILT_PRODUCTS_DIR)/Pokedex.app/$(BUNDLE_EXECUTABLE_FOLDER_PATH)/Pokedex";
				XROS_DEPLOYMENT_TARGET = 2.4;
			};
			name = Debug;
		};
		BADA2A5C2DCF711400CD7C64 /* Release */ = {
			isa = XCBuildConfiguration;
			buildSettings = {
				BUNDLE_LOADER = "$(TEST_HOST)";
				CODE_SIGN_STYLE = Automatic;
				CURRENT_PROJECT_VERSION = 1;
				DEAD_CODE_STRIPPING = YES;
				GENERATE_INFOPLIST_FILE = YES;
				IPHONEOS_DEPLOYMENT_TARGET = 18.4;
				MACOSX_DEPLOYMENT_TARGET = 15.4;
				MARKETING_VERSION = 1.0;
				PRODUCT_BUNDLE_IDENTIFIER = com.jonathan.PokedexTests;
				PRODUCT_NAME = "$(TARGET_NAME)";
				SDKROOT = auto;
				SUPPORTED_PLATFORMS = "iphoneos iphonesimulator macosx xros xrsimulator";
				SWIFT_EMIT_LOC_STRINGS = NO;
				SWIFT_VERSION = 5.0;
				TARGETED_DEVICE_FAMILY = "1,2,7";
				TEST_HOST = "$(BUILT_PRODUCTS_DIR)/Pokedex.app/$(BUNDLE_EXECUTABLE_FOLDER_PATH)/Pokedex";
				XROS_DEPLOYMENT_TARGET = 2.4;
			};
			name = Release;
		};
		BADA2A5E2DCF711400CD7C64 /* Debug */ = {
			isa = XCBuildConfiguration;
			buildSettings = {
				CODE_SIGN_STYLE = Automatic;
				CURRENT_PROJECT_VERSION = 1;
				DEAD_CODE_STRIPPING = YES;
				GENERATE_INFOPLIST_FILE = YES;
				IPHONEOS_DEPLOYMENT_TARGET = 18.4;
				MACOSX_DEPLOYMENT_TARGET = 15.4;
				MARKETING_VERSION = 1.0;
				PRODUCT_BUNDLE_IDENTIFIER = com.jonathan.PokedexUITests;
				PRODUCT_NAME = "$(TARGET_NAME)";
				SDKROOT = auto;
				SUPPORTED_PLATFORMS = "iphoneos iphonesimulator macosx xros xrsimulator";
				SWIFT_EMIT_LOC_STRINGS = NO;
				SWIFT_VERSION = 5.0;
				TARGETED_DEVICE_FAMILY = "1,2,7";
				TEST_TARGET_NAME = Pokedex;
				XROS_DEPLOYMENT_TARGET = 2.4;
			};
			name = Debug;
		};
		BADA2A5F2DCF711400CD7C64 /* Release */ = {
			isa = XCBuildConfiguration;
			buildSettings = {
				CODE_SIGN_STYLE = Automatic;
				CURRENT_PROJECT_VERSION = 1;
				DEAD_CODE_STRIPPING = YES;
				GENERATE_INFOPLIST_FILE = YES;
				IPHONEOS_DEPLOYMENT_TARGET = 18.4;
				MACOSX_DEPLOYMENT_TARGET = 15.4;
				MARKETING_VERSION = 1.0;
				PRODUCT_BUNDLE_IDENTIFIER = com.jonathan.PokedexUITests;
				PRODUCT_NAME = "$(TARGET_NAME)";
				SDKROOT = auto;
				SUPPORTED_PLATFORMS = "iphoneos iphonesimulator macosx xros xrsimulator";
				SWIFT_EMIT_LOC_STRINGS = NO;
				SWIFT_VERSION = 5.0;
				TARGETED_DEVICE_FAMILY = "1,2,7";
				TEST_TARGET_NAME = Pokedex;
				XROS_DEPLOYMENT_TARGET = 2.4;
			};
			name = Release;
		};
/* End XCBuildConfiguration section */

/* Begin XCConfigurationList section */
		BADA2A2E2DCF711200CD7C64 /* Build configuration list for PBXProject "Pokedex" */ = {
			isa = XCConfigurationList;
			buildConfigurations = (
				BADA2A552DCF711400CD7C64 /* Debug */,
				BADA2A562DCF711400CD7C64 /* Release */,
			);
			defaultConfigurationIsVisible = 0;
			defaultConfigurationName = Release;
		};
		BADA2A572DCF711400CD7C64 /* Build configuration list for PBXNativeTarget "Pokedex" */ = {
			isa = XCConfigurationList;
			buildConfigurations = (
				BADA2A582DCF711400CD7C64 /* Debug */,
				BADA2A592DCF711400CD7C64 /* Release */,
			);
			defaultConfigurationIsVisible = 0;
			defaultConfigurationName = Release;
		};
		BADA2A5A2DCF711400CD7C64 /* Build configuration list for PBXNativeTarget "PokedexTests" */ = {
			isa = XCConfigurationList;
			buildConfigurations = (
				BADA2A5B2DCF711400CD7C64 /* Debug */,
				BADA2A5C2DCF711400CD7C64 /* Release */,
			);
			defaultConfigurationIsVisible = 0;
			defaultConfigurationName = Release;
		};
		BADA2A5D2DCF711400CD7C64 /* Build configuration list for PBXNativeTarget "PokedexUITests" */ = {
			isa = XCConfigurationList;
			buildConfigurations = (
				BADA2A5E2DCF711400CD7C64 /* Debug */,
				BADA2A5F2DCF711400CD7C64 /* Release */,
			);
			defaultConfigurationIsVisible = 0;
			defaultConfigurationName = Release;
		};
/* End XCConfigurationList section */

/* Begin XCRemoteSwiftPackageReference section */
		BA3316C52DDA480600C6509A /* XCRemoteSwiftPackageReference "SwiftUI-Flow" */ = {
			isa = XCRemoteSwiftPackageReference;
			repositoryURL = "https://github.com/tevelee/SwiftUI-Flow.git";
			requirement = {
				kind = upToNextMajorVersion;
				minimumVersion = 3.0.2;
			};
		};
		BA35B19F2DD8910600A230E7 /* XCRemoteSwiftPackageReference "swift-openapi-urlsession" */ = {
			isa = XCRemoteSwiftPackageReference;
			repositoryURL = "https://github.com/apple/swift-openapi-urlsession";
			requirement = {
				kind = upToNextMajorVersion;
				minimumVersion = 1.1.0;
			};
		};
		BA35B1A22DD8926400A230E7 /* XCRemoteSwiftPackageReference "swift-openapi-generator" */ = {
			isa = XCRemoteSwiftPackageReference;
			repositoryURL = "https://github.com/apple/swift-openapi-generator";
			requirement = {
				kind = upToNextMajorVersion;
				minimumVersion = 1.7.2;
			};
		};
		BA35B1A32DD8927F00A230E7 /* XCRemoteSwiftPackageReference "swift-openapi-runtime" */ = {
			isa = XCRemoteSwiftPackageReference;
			repositoryURL = "https://github.com/apple/swift-openapi-runtime";
			requirement = {
				kind = upToNextMajorVersion;
				minimumVersion = 1.8.2;
			};
		};
		BA5EC7152DD9FD1600148BAE /* XCRemoteSwiftPackageReference "SwiftUI-Shimmer" */ = {
			isa = XCRemoteSwiftPackageReference;
			repositoryURL = "https://github.com/markiv/SwiftUI-Shimmer.git";
			requirement = {
				kind = upToNextMajorVersion;
				minimumVersion = 1.5.1;
			};
		};
		BAC321C32DD8D73900F425E8 /* XCRemoteSwiftPackageReference "swift-async-algorithms" */ = {
			isa = XCRemoteSwiftPackageReference;
			repositoryURL = "https://github.com/apple/swift-async-algorithms.git";
			requirement = {
				kind = upToNextMajorVersion;
				minimumVersion = 1.0.4;
			};
		};
/* End XCRemoteSwiftPackageReference section */

/* Begin XCSwiftPackageProductDependency section */
		BA3316C62DDA480600C6509A /* Flow */ = {
			isa = XCSwiftPackageProductDependency;
			package = BA3316C52DDA480600C6509A /* XCRemoteSwiftPackageReference "SwiftUI-Flow" */;
			productName = Flow;
		};
		BA35B1A02DD8910600A230E7 /* OpenAPIURLSession */ = {
			isa = XCSwiftPackageProductDependency;
			package = BA35B19F2DD8910600A230E7 /* XCRemoteSwiftPackageReference "swift-openapi-urlsession" */;
			productName = OpenAPIURLSession;
		};
		BA35B1A42DD8927F00A230E7 /* OpenAPIRuntime */ = {
			isa = XCSwiftPackageProductDependency;
			package = BA35B1A32DD8927F00A230E7 /* XCRemoteSwiftPackageReference "swift-openapi-runtime" */;
			productName = OpenAPIRuntime;
		};
		BA35B1A62DD8928C00A230E7 /* OpenAPIGenerator */ = {
			isa = XCSwiftPackageProductDependency;
			package = BA35B1A22DD8926400A230E7 /* XCRemoteSwiftPackageReference "swift-openapi-generator" */;
			productName = "plugin:OpenAPIGenerator";
		};
		BA5EC7162DD9FD1600148BAE /* Shimmer */ = {
			isa = XCSwiftPackageProductDependency;
			package = BA5EC7152DD9FD1600148BAE /* XCRemoteSwiftPackageReference "SwiftUI-Shimmer" */;
			productName = Shimmer;
		};
		BAC321C42DD8D73900F425E8 /* AsyncAlgorithms */ = {
			isa = XCSwiftPackageProductDependency;
			package = BAC321C32DD8D73900F425E8 /* XCRemoteSwiftPackageReference "swift-async-algorithms" */;
			productName = AsyncAlgorithms;
		};
/* End XCSwiftPackageProductDependency section */
	};
	rootObject = BADA2A2B2DCF711200CD7C64 /* Project object */;
}
